
Microsoft Visual Studio Solution File, Format Version 12.00
# Visual Studio 14
VisualStudioVersion = 14.0.25420.1
MinimumVisualStudioVersion = 10.0.40219.1
Project("{2150E333-8FDC-42A3-9474-1A3956D46DE8}") = "MLA.DL", "MLA.DL", "{CD293904-0B4A-4321-BAC3-D6F6AFDF2D06}"
EndProject
Project("{2150E333-8FDC-42A3-9474-1A3956D46DE8}") = "MLA.LL", "MLA.LL", "{6BF49FC7-B505-4236-9BAD-BCFE24ACB35E}"
EndProject
Project("{2150E333-8FDC-42A3-9474-1A3956D46DE8}") = "MLA.APPS", "MLA.APPS", "{5E58122C-D231-4B6F-B2B2-ED971B77617C}"
EndProject
Project("{2150E333-8FDC-42A3-9474-1A3956D46DE8}") = "MLA.ENTITY", "MLA.ENTITY", "{4FAC8132-C57A-417D-B5D4-45DEA7E74955}"
EndProject
Project("{FAE04EC0-301F-11D3-BF4B-00C04F79EFBC}") = "MLA.DL", "MLA.DL\MLA.DL.csproj", "{45BD248D-F81C-443B-9B14-13510594AB32}"
EndProject
Project("{FAE04EC0-301F-11D3-BF4B-00C04F79EFBC}") = "MLA.LL", "MLA.LL\MLA.LL.csproj", "{5D910BE2-9106-4C6C-8214-1484C0BB6EBF}"
EndProject
Project("{FAE04EC0-301F-11D3-BF4B-00C04F79EFBC}") = "MLA.APPS", "MLA.APPS\MLA.APPS.csproj", "{36AC4903-76B1-4740-B0A8-9A49FAB77393}"
EndProject
Project("{FAE04EC0-301F-11D3-BF4B-00C04F79EFBC}") = "MLA.ENTITY", "MLA.ENTITY\MLA.ENTITY.csproj", "{BE9BA536-2481-4330-A293-77707C25069A}"
EndProject
Project("{FAE04EC0-301F-11D3-BF4B-00C04F79EFBC}") = "UdMailClient", "UdMailClient\UdMailClient.csproj", "{B62A679D-FAA9-4AB9-8F37-210556124A2E}"
EndProject
Global
	GlobalSection(SolutionConfigurationPlatforms) = preSolution
		Debug|Any CPU = Debug|Any CPU
		Release|Any CPU = Release|Any CPU
	EndGlobalSection
	GlobalSection(ProjectConfigurationPlatforms) = postSolution
		{45BD248D-F81C-443B-9B14-13510594AB32}.Debug|Any CPU.ActiveCfg = Debug|Any CPU
		{45BD248D-F81C-443B-9B14-13510594AB32}.Debug|Any CPU.Build.0 = Debug|Any CPU
		{45BD248D-F81C-443B-9B14-13510594AB32}.Release|Any CPU.ActiveCfg = Release|Any CPU
		{45BD248D-F81C-443B-9B14-13510594AB32}.Release|Any CPU.Build.0 = Release|Any CPU
		{5D910BE2-9106-4C6C-8214-1484C0BB6EBF}.Debug|Any CPU.ActiveCfg = Debug|Any CPU
		{5D910BE2-9106-4C6C-8214-1484C0BB6EBF}.Debug|Any CPU.Build.0 = Debug|Any CPU
		{5D910BE2-9106-4C6C-8214-1484C0BB6EBF}.Release|Any CPU.ActiveCfg = Release|Any CPU
		{5D910BE2-9106-4C6C-8214-1484C0BB6EBF}.Release|Any CPU.Build.0 = Release|Any CPU
		{36AC4903-76B1-4740-B0A8-9A49FAB77393}.Debug|Any CPU.ActiveCfg = Debug|Any CPU
		{36AC4903-76B1-4740-B0A8-9A49FAB77393}.Debug|Any CPU.Build.0 = Debug|Any CPU
		{36AC4903-76B1-4740-B0A8-9A49FAB77393}.Release|Any CPU.ActiveCfg = Release|Any CPU
		{36AC4903-76B1-4740-B0A8-9A49FAB77393}.Release|Any CPU.Build.0 = Release|Any CPU
		{BE9BA536-2481-4330-A293-77707C25069A}.Debug|Any CPU.ActiveCfg = Debug|Any CPU
		{BE9BA536-2481-4330-A293-77707C25069A}.Debug|Any CPU.Build.0 = Debug|Any CPU
		{BE9BA536-2481-4330-A293-77707C25069A}.Release|Any CPU.ActiveCfg = Release|Any CPU
		{BE9BA536-2481-4330-A293-77707C25069A}.Release|Any CPU.Build.0 = Release|Any CPU
		{B62A679D-FAA9-4AB9-8F37-210556124A2E}.Debug|Any CPU.ActiveCfg = Debug|Any CPU
		{B62A679D-FAA9-4AB9-8F37-210556124A2E}.Debug|Any CPU.Build.0 = Debug|Any CPU
		{B62A679D-FAA9-4AB9-8F37-210556124A2E}.Release|Any CPU.ActiveCfg = Release|Any CPU
		{B62A679D-FAA9-4AB9-8F37-210556124A2E}.Release|Any CPU.Build.0 = Release|Any CPU
	EndGlobalSection
	GlobalSection(SolutionProperties) = preSolution
		HideSolutionNode = FALSE
	EndGlobalSection
	GlobalSection(NestedProjects) = preSolution
		{45BD248D-F81C-443B-9B14-13510594AB32} = {CD293904-0B4A-4321-BAC3-D6F6AFDF2D06}
		{5D910BE2-9106-4C6C-8214-1484C0BB6EBF} = {6BF49FC7-B505-4236-9BAD-BCFE24ACB35E}
		{36AC4903-76B1-4740-B0A8-9A49FAB77393} = {5E58122C-D231-4B6F-B2B2-ED971B77617C}
		{BE9BA536-2481-4330-A293-77707C25069A} = {4FAC8132-C57A-417D-B5D4-45DEA7E74955}
	EndGlobalSection
EndGlobal
