
Microsoft Visual Studio Solution File, Format Version 12.00
# Visual Studio 14
VisualStudioVersion = 14.0.25420.1
MinimumVisualStudioVersion = 10.0.40219.1
Project("{FAE04EC0-301F-11D3-BF4B-00C04F79EFBC}") = "UpdtNicDet", "UpdtNicDet\UpdtNicDet.csproj", "{26ECCE1E-9983-4E4B-8E9B-D51CA2F4613B}"
EndProject
Global
	GlobalSection(SolutionConfigurationPlatforms) = preSolution
		Debug|Any CPU = Debug|Any CPU
		Release|Any CPU = Release|Any CPU
	EndGlobalSection
	GlobalSection(ProjectConfigurationPlatforms) = postSolution
		{26ECCE1E-9983-4E4B-8E9B-D51CA2F4613B}.Debug|Any CPU.ActiveCfg = Debug|Any CPU
		{26ECCE1E-9983-4E4B-8E9B-D51CA2F4613B}.Debug|Any CPU.Build.0 = Debug|Any CPU
		{26ECCE1E-9983-4E4B-8E9B-D51CA2F4613B}.Release|Any CPU.ActiveCfg = Release|Any CPU
		{26ECCE1E-9983-4E4B-8E9B-D51CA2F4613B}.Release|Any CPU.Build.0 = Release|Any CPU
	EndGlobalSection
	GlobalSection(SolutionProperties) = preSolution
		HideSolutionNode = FALSE
	EndGlobalSection
EndGlobal
